{
  "name": "angular-master",
  "lockfileVersion": 2,
  "requires": true,
  "packages": {
    "": {
      "dependencies": {
        "angular-imask": "^4.1.0",
        "angular-in-memory-web-api": "^0.13.0",
        "bootstrap": "^4.1.3",
        "chart.js": "^3.6.2",
        "currency-formatter": "^1.5.3",
        "jquery": "^3.6.0",
        "moment": "^2.22.2",
        "primeicons": "^5.0.0",
        "primeng": "^13.0.3",
        "toastr": "^2.1.4"
      }
    },
    "node_modules/@angular/common": {
      "version": "13.1.1",
      "resolved": "https://registry.npmjs.org/@angular/common/-/common-13.1.1.tgz",
      "integrity": "sha512-FQwRZ1XgTH2PbPjBmq2jAZzETVNX9yWQt21MuNGtokC7V4eS0NYlFIDbhy3UPWCzRgd3+P7P4+HdX15VxCjf9g==",
      "peer": true,
      "dependencies": {
        "tslib": "^2.3.0"
      },
      "engines": {
        "node": "^12.20.0 || ^14.15.0 || >=16.10.0"
      },
      "peerDependencies": {
        "@angular/core": "13.1.1",
        "rxjs": "^6.5.3 || ^7.4.0"
      }
    },
    "node_modules/@angular/core": {
      "version": "13.1.1",
      "resolved": "https://registry.npmjs.org/@angular/core/-/core-13.1.1.tgz",
      "integrity": "sha512-oLGKgzUbHqte/q7EokOJWUiXAtBjwuZM6c9Or2a7WDJNeImQilxk5qy91RPSbP8FhOBysebqAayrfiCYexlShg==",
      "peer": true,
      "dependencies": {
        "tslib": "^2.3.0"
      },
      "engines": {
        "node": "^12.20.0 || ^14.15.0 || >=16.10.0"
      },
      "peerDependencies": {
        "rxjs": "^6.5.3 || ^7.4.0",
        "zone.js": "~0.11.4"
      }
    },
    "node_modules/@angular/forms": {
      "version": "13.1.1",
      "resolved": "https://registry.npmjs.org/@angular/forms/-/forms-13.1.1.tgz",
      "integrity": "sha512-wtYzRHPv4mf1Vsi4GEal5qcI2wjqUW+lu8Fsd2Aoe8NqkwtY3fq+iWEP/4pnvmH0RlC+3QbNNV/01D5UKolvgg==",
      "peer": true,
      "dependencies": {
        "tslib": "^2.3.0"
      },
      "engines": {
        "node": "^12.20.0 || ^14.15.0 || >=16.10.0"
      },
      "peerDependencies": {
        "@angular/common": "13.1.1",
        "@angular/core": "13.1.1",
        "@angular/platform-browser": "13.1.1",
        "rxjs": "^6.5.3 || ^7.4.0"
      }
    },
    "node_modules/@angular/platform-browser": {
      "version": "13.1.1",
      "resolved": "https://registry.npmjs.org/@angular/platform-browser/-/platform-browser-13.1.1.tgz",
      "integrity": "sha512-jk9MGwnaVc98wmw5dRBicduI/a8dHtUzaAi1dV003fUWldS9a5FBuj/ym7DJubaD5Njl8l79SFbjrP9aAsqM5A==",
      "peer": true,
      "dependencies": {
        "tslib": "^2.3.0"
      },
      "engines": {
        "node": "^12.20.0 || ^14.15.0 || >=16.10.0"
      },
      "peerDependencies": {
        "@angular/animations": "13.1.1",
        "@angular/common": "13.1.1",
        "@angular/core": "13.1.1"
      },
      "peerDependenciesMeta": {
        "@angular/animations": {
          "optional": true
        }
      }
    },
    "node_modules/accounting": {
      "version": "0.4.1",
      "resolved": "https://registry.npmjs.org/accounting/-/accounting-0.4.1.tgz",
      "integrity": "sha1-h91BA+/39EYPHhhvXGd+1s9WaIM="
    },
    "node_modules/angular-imask": {
      "version": "4.1.0",
      "resolved": "https://registry.npmjs.org/angular-imask/-/angular-imask-4.1.0.tgz",
      "integrity": "sha512-/QoUlRGcOyvSO4rwMV1DOR1gMV1JWonLEVxmNFSnmX7lc+a6U5tUI9k4HuWDbnXVuk/obuBkxgUnMcXS3pLRlQ==",
      "dependencies": {
        "imask": "^4.1.0"
      },
      "peerDependencies": {
        "@angular/common": ">=4.0.0",
        "@angular/core": ">=4.0.0",
        "@angular/forms": ">=4.0.0",
        "@angular/platform-browser": ">=4.0.0"
      }
    },
    "node_modules/angular-in-memory-web-api": {
      "version": "0.13.0",
      "resolved": "https://registry.npmjs.org/angular-in-memory-web-api/-/angular-in-memory-web-api-0.13.0.tgz",
      "integrity": "sha512-rK7k/Ip3TdjOIONZRsEMc8vHfwdESEwfknfX5gIr4QHcMzZ92BPcsILbtH2xr2XVusjePK/bwEc6RMWz3X8wUQ==",
      "dependencies": {
        "tslib": "^2.3.0"
      },
      "peerDependencies": {
        "@angular/common": "^13.0.0",
        "@angular/core": "^13.0.0",
        "rxjs": "^6.5.3 || ^7.4.0"
      }
    },
    "node_modules/bootstrap": {
      "version": "4.1.3",
      "resolved": "https://registry.npmjs.org/bootstrap/-/bootstrap-4.1.3.tgz",
      "integrity": "sha512-rDFIzgXcof0jDyjNosjv4Sno77X4KuPeFxG2XZZv1/Kc8DRVGVADdoQyyOVDwPqL36DDmtCQbrpMCqvpPLJQ0w==",
      "engines": {
        "node": ">=6"
      },
      "peerDependencies": {
        "jquery": "1.9.1 - 3",
        "popper.js": "^1.14.3"
      }
    },
    "node_modules/chart.js": {
      "version": "3.6.2",
      "resolved": "https://registry.npmjs.org/chart.js/-/chart.js-3.6.2.tgz",
      "integrity": "sha512-Xz7f/fgtVltfQYWq0zL1Xbv7N2inpG+B54p3D5FSvpCdy3sM+oZhbqa42eNuYXltaVvajgX5UpKCU2GeeJIgxg=="
    },
    "node_modules/currency-formatter": {
      "version": "1.5.3",
      "resolved": "https://registry.npmjs.org/currency-formatter/-/currency-formatter-1.5.3.tgz",
      "integrity": "sha512-1n1w3ZVnFKK0uZC0QpJk7H+QL1tKB60YRuvaAXskmiSedJVlo7k6PqKT6FZTLEo1POMDm50n4igQKXgGyruTig==",
      "dependencies": {
        "accounting": "^0.4.1",
        "locale-currency": "0.0.2",
        "object-assign": "^4.1.1"
      }
    },
    "node_modules/imask": {
      "version": "4.1.5",
      "resolved": "https://registry.npmjs.org/imask/-/imask-4.1.5.tgz",
      "integrity": "sha512-n9e3KkJxe6YZKueT02I8/tXpC0vzxmSzoBB5BPi6OPq0rp7qOZfXN5777Dkw6WEYRswlsxm+7pl7WocsG0LWyA==",
      "engines": {
        "npm": ">=4.0.0"
      }
    },
    "node_modules/jquery": {
      "version": "3.6.0",
      "resolved": "https://registry.npmjs.org/jquery/-/jquery-3.6.0.tgz",
      "integrity": "sha512-JVzAR/AjBvVt2BmYhxRCSYysDsPcssdmTFnzyLEts9qNwmjmu4JTAMYubEfwVOSwpQ1I1sKKFcxhZCI2buerfw=="
    },
    "node_modules/locale-currency": {
      "version": "0.0.2",
      "resolved": "https://registry.npmjs.org/locale-currency/-/locale-currency-0.0.2.tgz",
      "integrity": "sha1-4skGB1Y85HpZ+VWeRacOJOTbS20="
    },
    "node_modules/moment": {
      "version": "2.22.2",
      "resolved": "https://registry.npmjs.org/moment/-/moment-2.22.2.tgz",
      "integrity": "sha1-PCV/mDn8DpP/UxSWMiOeuQeD/2Y=",
      "engines": {
        "node": "*"
      }
    },
    "node_modules/object-assign": {
      "version": "4.1.1",
      "resolved": "https://registry.npmjs.org/object-assign/-/object-assign-4.1.1.tgz",
      "integrity": "sha1-IQmtx5ZYh8/AXLvUQsrIv7s2CGM=",
      "engines": {
        "node": ">=0.10.0"
      }
    },
    "node_modules/popper.js": {
      "version": "1.16.1",
      "resolved": "https://registry.npmjs.org/popper.js/-/popper.js-1.16.1.tgz",
      "integrity": "sha512-Wb4p1J4zyFTbM+u6WuO4XstYx4Ky9Cewe4DWrel7B0w6VVICvPwdOpotjzcf6eD8TsckVnIMNONQyPIUFOUbCQ==",
      "deprecated": "You can find the new Popper v2 at @popperjs/core, this package is dedicated to the legacy v1",
      "peer": true,
      "funding": {
        "type": "opencollective",
        "url": "https://opencollective.com/popperjs"
      }
    },
    "node_modules/primeicons": {
      "version": "5.0.0",
      "resolved": "https://registry.npmjs.org/primeicons/-/primeicons-5.0.0.tgz",
      "integrity": "sha512-heygWF0X5HFI1otlZE62pp6ye7sZ8om78J9au2BRkg8O7Y8AHTZ9qKMRzchZUHLe8zUAvdi6hZzzm9XxgwIExw=="
    },
    "node_modules/primeng": {
      "version": "13.0.3",
      "resolved": "https://registry.npmjs.org/primeng/-/primeng-13.0.3.tgz",
      "integrity": "sha512-1R6i1Lh0uPSSDZuuHNCRCTXNBqv7uagSE4y0XRH+KpXH6pSipvNfKSAS8pCD2Rf9u34u5Okb4KkH5wkmjP7QXQ==",
      "dependencies": {
        "tslib": "^2.3.0"
      },
      "peerDependencies": {
        "@angular/common": "^13.0.0",
        "@angular/core": "^13.0.0",
        "@angular/forms": "^13.0.0",
        "primeicons": "^5.0.0",
        "rxjs": "^6.0.0 || ^7.0.0",
        "zone.js": "^0.10.2 || ^0.11.0"
      }
    },
    "node_modules/rxjs": {
      "version": "7.4.0",
      "resolved": "https://registry.npmjs.org/rxjs/-/rxjs-7.4.0.tgz",
      "integrity": "sha512-7SQDi7xeTMCJpqViXh8gL/lebcwlp3d831F05+9B44A4B0WfsEwUQHR64gsH1kvJ+Ep/J9K2+n1hVl1CsGN23w==",
      "peer": true,
      "dependencies": {
        "tslib": "~2.1.0"
      }
    },
    "node_modules/rxjs/node_modules/tslib": {
      "version": "2.1.0",
      "resolved": "https://registry.npmjs.org/tslib/-/tslib-2.1.0.tgz",
      "integrity": "sha512-hcVC3wYEziELGGmEEXue7D75zbwIIVUMWAVbHItGPx0ziyXxrOMQx4rQEVEV45Ut/1IotuEvwqPopzIOkDMf0A==",
      "peer": true
    },
    "node_modules/toastr": {
      "version": "2.1.4",
      "resolved": "https://registry.npmjs.org/toastr/-/toastr-2.1.4.tgz",
      "integrity": "sha1-i0O+ZPudDEFIcURvLbjoyk6V8YE=",
      "dependencies": {
        "jquery": ">=1.12.0"
      }
    },
    "node_modules/tslib": {
      "version": "2.3.1",
      "resolved": "https://registry.npmjs.org/tslib/-/tslib-2.3.1.tgz",
      "integrity": "sha512-77EbyPPpMz+FRFRuAFlWMtmgUWGe9UOG2Z25NqCwiIjRhOf5iKGuzSe5P2w1laq+FkRy4p+PCuVkJSGkzTEKVw=="
    },
    "node_modules/zone.js": {
      "version": "0.11.4",
      "resolved": "https://registry.npmjs.org/zone.js/-/zone.js-0.11.4.tgz",
      "integrity": "sha512-DDh2Ab+A/B+9mJyajPjHFPWfYU1H+pdun4wnnk0OcQTNjem1XQSZ2CDW+rfZEUDjv5M19SBqAkjZi0x5wuB5Qw==",
      "peer": true,
      "dependencies": {
        "tslib": "^2.0.0"
      }
    }
  },
  "dependencies": {
    "@angular/common": {
      "version": "13.1.1",
      "resolved": "https://registry.npmjs.org/@angular/common/-/common-13.1.1.tgz",
      "integrity": "sha512-FQwRZ1XgTH2PbPjBmq2jAZzETVNX9yWQt21MuNGtokC7V4eS0NYlFIDbhy3UPWCzRgd3+P7P4+HdX15VxCjf9g==",
      "peer": true,
      "requires": {
        "tslib": "^2.3.0"
      }
    },
    "@angular/core": {
      "version": "13.1.1",
      "resolved": "https://registry.npmjs.org/@angular/core/-/core-13.1.1.tgz",
      "integrity": "sha512-oLGKgzUbHqte/q7EokOJWUiXAtBjwuZM6c9Or2a7WDJNeImQilxk5qy91RPSbP8FhOBysebqAayrfiCYexlShg==",
      "peer": true,
      "requires": {
        "tslib": "^2.3.0"
      }
    },
    "@angular/forms": {
      "version": "13.1.1",
      "resolved": "https://registry.npmjs.org/@angular/forms/-/forms-13.1.1.tgz",
      "integrity": "sha512-wtYzRHPv4mf1Vsi4GEal5qcI2wjqUW+lu8Fsd2Aoe8NqkwtY3fq+iWEP/4pnvmH0RlC+3QbNNV/01D5UKolvgg==",
      "peer": true,
      "requires": {
        "tslib": "^2.3.0"
      }
    },
    "@angular/platform-browser": {
      "version": "13.1.1",
      "resolved": "https://registry.npmjs.org/@angular/platform-browser/-/platform-browser-13.1.1.tgz",
      "integrity": "sha512-jk9MGwnaVc98wmw5dRBicduI/a8dHtUzaAi1dV003fUWldS9a5FBuj/ym7DJubaD5Njl8l79SFbjrP9aAsqM5A==",
      "peer": true,
      "requires": {
        "tslib": "^2.3.0"
      }
    },
    "accounting": {
      "version": "0.4.1",
      "resolved": "https://registry.npmjs.org/accounting/-/accounting-0.4.1.tgz",
      "integrity": "sha1-h91BA+/39EYPHhhvXGd+1s9WaIM="
    },
    "angular-imask": {
      "version": "4.1.0",
      "resolved": "https://registry.npmjs.org/angular-imask/-/angular-imask-4.1.0.tgz",
      "integrity": "sha512-/QoUlRGcOyvSO4rwMV1DOR1gMV1JWonLEVxmNFSnmX7lc+a6U5tUI9k4HuWDbnXVuk/obuBkxgUnMcXS3pLRlQ==",
      "requires": {
        "imask": "^4.1.0"
      }
    },
    "angular-in-memory-web-api": {
      "version": "0.13.0",
      "resolved": "https://registry.npmjs.org/angular-in-memory-web-api/-/angular-in-memory-web-api-0.13.0.tgz",
      "integrity": "sha512-rK7k/Ip3TdjOIONZRsEMc8vHfwdESEwfknfX5gIr4QHcMzZ92BPcsILbtH2xr2XVusjePK/bwEc6RMWz3X8wUQ==",
      "requires": {
        "tslib": "^2.3.0"
      }
    },
    "bootstrap": {
      "version": "4.1.3",
      "resolved": "https://registry.npmjs.org/bootstrap/-/bootstrap-4.1.3.tgz",
      "integrity": "sha512-rDFIzgXcof0jDyjNosjv4Sno77X4KuPeFxG2XZZv1/Kc8DRVGVADdoQyyOVDwPqL36DDmtCQbrpMCqvpPLJQ0w==",
      "requires": {}
    },
    "chart.js": {
      "version": "3.6.2",
      "resolved": "https://registry.npmjs.org/chart.js/-/chart.js-3.6.2.tgz",
      "integrity": "sha512-Xz7f/fgtVltfQYWq0zL1Xbv7N2inpG+B54p3D5FSvpCdy3sM+oZhbqa42eNuYXltaVvajgX5UpKCU2GeeJIgxg=="
    },
    "currency-formatter": {
      "version": "1.5.3",
      "resolved": "https://registry.npmjs.org/currency-formatter/-/currency-formatter-1.5.3.tgz",
      "integrity": "sha512-1n1w3ZVnFKK0uZC0QpJk7H+QL1tKB60YRuvaAXskmiSedJVlo7k6PqKT6FZTLEo1POMDm50n4igQKXgGyruTig==",
      "requires": {
        "accounting": "^0.4.1",
        "locale-currency": "0.0.2",
        "object-assign": "^4.1.1"
      }
    },
    "imask": {
      "version": "4.1.5",
      "resolved": "https://registry.npmjs.org/imask/-/imask-4.1.5.tgz",
      "integrity": "sha512-n9e3KkJxe6YZKueT02I8/tXpC0vzxmSzoBB5BPi6OPq0rp7qOZfXN5777Dkw6WEYRswlsxm+7pl7WocsG0LWyA=="
    },
    "jquery": {
      "version": "3.6.0",
      "resolved": "https://registry.npmjs.org/jquery/-/jquery-3.6.0.tgz",
      "integrity": "sha512-JVzAR/AjBvVt2BmYhxRCSYysDsPcssdmTFnzyLEts9qNwmjmu4JTAMYubEfwVOSwpQ1I1sKKFcxhZCI2buerfw=="
    },
    "locale-currency": {
      "version": "0.0.2",
      "resolved": "https://registry.npmjs.org/locale-currency/-/locale-currency-0.0.2.tgz",
      "integrity": "sha1-4skGB1Y85HpZ+VWeRacOJOTbS20="
    },
    "moment": {
      "version": "2.22.2",
      "resolved": "https://registry.npmjs.org/moment/-/moment-2.22.2.tgz",
      "integrity": "sha1-PCV/mDn8DpP/UxSWMiOeuQeD/2Y="
    },
    "object-assign": {
      "version": "4.1.1",
      "resolved": "https://registry.npmjs.org/object-assign/-/object-assign-4.1.1.tgz",
      "integrity": "sha1-IQmtx5ZYh8/AXLvUQsrIv7s2CGM="
    },
    "popper.js": {
      "version": "1.16.1",
      "resolved": "https://registry.npmjs.org/popper.js/-/popper.js-1.16.1.tgz",
      "integrity": "sha512-Wb4p1J4zyFTbM+u6WuO4XstYx4Ky9Cewe4DWrel7B0w6VVICvPwdOpotjzcf6eD8TsckVnIMNONQyPIUFOUbCQ==",
      "peer": true
    },
    "primeicons": {
      "version": "5.0.0",
      "resolved": "https://registry.npmjs.org/primeicons/-/primeicons-5.0.0.tgz",
      "integrity": "sha512-heygWF0X5HFI1otlZE62pp6ye7sZ8om78J9au2BRkg8O7Y8AHTZ9qKMRzchZUHLe8zUAvdi6hZzzm9XxgwIExw=="
    },
    "primeng": {
      "version": "13.0.3",
      "resolved": "https://registry.npmjs.org/primeng/-/primeng-13.0.3.tgz",
      "integrity": "sha512-1R6i1Lh0uPSSDZuuHNCRCTXNBqv7uagSE4y0XRH+KpXH6pSipvNfKSAS8pCD2Rf9u34u5Okb4KkH5wkmjP7QXQ==",
      "requires": {
        "tslib": "^2.3.0"
      }
    },
    "rxjs": {
      "version": "7.4.0",
      "resolved": "https://registry.npmjs.org/rxjs/-/rxjs-7.4.0.tgz",
      "integrity": "sha512-7SQDi7xeTMCJpqViXh8gL/lebcwlp3d831F05+9B44A4B0WfsEwUQHR64gsH1kvJ+Ep/J9K2+n1hVl1CsGN23w==",
      "peer": true,
      "requires": {
        "tslib": "~2.1.0"
      },
      "dependencies": {
        "tslib": {
          "version": "2.1.0",
          "resolved": "https://registry.npmjs.org/tslib/-/tslib-2.1.0.tgz",
          "integrity": "sha512-hcVC3wYEziELGGmEEXue7D75zbwIIVUMWAVbHItGPx0ziyXxrOMQx4rQEVEV45Ut/1IotuEvwqPopzIOkDMf0A==",
          "peer": true
        }
      }
    },
    "toastr": {
      "version": "2.1.4",
      "resolved": "https://registry.npmjs.org/toastr/-/toastr-2.1.4.tgz",
      "integrity": "sha1-i0O+ZPudDEFIcURvLbjoyk6V8YE=",
      "requires": {
        "jquery": ">=1.12.0"
      }
    },
    "tslib": {
      "version": "2.3.1",
      "resolved": "https://registry.npmjs.org/tslib/-/tslib-2.3.1.tgz",
      "integrity": "sha512-77EbyPPpMz+FRFRuAFlWMtmgUWGe9UOG2Z25NqCwiIjRhOf5iKGuzSe5P2w1laq+FkRy4p+PCuVkJSGkzTEKVw=="
    },
    "zone.js": {
      "version": "0.11.4",
      "resolved": "https://registry.npmjs.org/zone.js/-/zone.js-0.11.4.tgz",
      "integrity": "sha512-DDh2Ab+A/B+9mJyajPjHFPWfYU1H+pdun4wnnk0OcQTNjem1XQSZ2CDW+rfZEUDjv5M19SBqAkjZi0x5wuB5Qw==",
      "peer": true,
      "requires": {
        "tslib": "^2.0.0"
      }
    }
  }
}
